
Microsoft Visual Studio Solution File, Format Version 12.00
# Visual Studio Version 16
VisualStudioVersion = 16.0.29424.173
MinimumVisualStudioVersion = 10.0.40219.1
Project("{FAE04EC0-301F-11D3-BF4B-00C04F79EFBC}") = "WebApi_AB_Solutions_jr", "WebApi_AB_Solutions_jr\WebApi_AB_Solutions_jr.csproj", "{B66B4099-75B7-46FD-A4C3-8A6C9D816075}"
EndProject
Global
	GlobalSection(SolutionConfigurationPlatforms) = preSolution
		Debug|Any CPU = Debug|Any CPU
		Release|Any CPU = Release|Any CPU
	EndGlobalSection
	GlobalSection(ProjectConfigurationPlatforms) = postSolution
		{B66B4099-75B7-46FD-A4C3-8A6C9D816075}.Debug|Any CPU.ActiveCfg = Debug|Any CPU
		{B66B4099-75B7-46FD-A4C3-8A6C9D816075}.Debug|Any CPU.Build.0 = Debug|Any CPU
		{B66B4099-75B7-46FD-A4C3-8A6C9D816075}.Release|Any CPU.ActiveCfg = Release|Any CPU
		{B66B4099-75B7-46FD-A4C3-8A6C9D816075}.Release|Any CPU.Build.0 = Release|Any CPU
	EndGlobalSection
	GlobalSection(SolutionProperties) = preSolution
		HideSolutionNode = FALSE
	EndGlobalSection
	GlobalSection(ExtensibilityGlobals) = postSolution
		SolutionGuid = {C25717A5-DB39-4599-8872-B0CF0BA686A4}
	EndGlobalSection
EndGlobal
